
Microsoft Visual Studio Solution File, Format Version 12.00
# Visual Studio Version 16
VisualStudioVersion = 16.0.30204.135
MinimumVisualStudioVersion = 10.0.40219.1
Project("{FAE04EC0-301F-11D3-BF4B-00C04F79EFBC}") = "MBBackend", "MBBackend\MBBackend.csproj", "{6D9412B2-8414-4013-A553-E971CCA6041E}"
EndProject
Global
	GlobalSection(SolutionConfigurationPlatforms) = preSolution
		Debug|Any CPU = Debug|Any CPU
		Release|Any CPU = Release|Any CPU
	EndGlobalSection
	GlobalSection(ProjectConfigurationPlatforms) = postSolution
		{6D9412B2-8414-4013-A553-E971CCA6041E}.Debug|Any CPU.ActiveCfg = Debug|Any CPU
		{6D9412B2-8414-4013-A553-E971CCA6041E}.Debug|Any CPU.Build.0 = Debug|Any CPU
		{6D9412B2-8414-4013-A553-E971CCA6041E}.Release|Any CPU.ActiveCfg = Release|Any CPU
		{6D9412B2-8414-4013-A553-E971CCA6041E}.Release|Any CPU.Build.0 = Release|Any CPU
	EndGlobalSection
	GlobalSection(SolutionProperties) = preSolution
		HideSolutionNode = FALSE
	EndGlobalSection
	GlobalSection(ExtensibilityGlobals) = postSolution
		SolutionGuid = {FCCFEEE1-68DA-406D-896B-5C4D7065C175}
	EndGlobalSection
EndGlobal
